// !$*UTF8*$!
{
	archiveVersion = 1;
	classes = {
	};
	objectVersion = 56;
	objects = {

/* Begin PBXBuildFile section */
		52537A562AEFFADD0093D751 /* iExpenseApp.swift in Sources */ = {isa = PBXBuildFile; fileRef = 52537A552AEFFADD0093D751 /* iExpenseApp.swift */; };
		52537A582AEFFADD0093D751 /* ContentView.swift in Sources */ = {isa = PBXBuildFile; fileRef = 52537A572AEFFADD0093D751 /* ContentView.swift */; };
		52537A5A2AEFFADE0093D751 /* Assets.xcassets in Resources */ = {isa = PBXBuildFile; fileRef = 52537A592AEFFADE0093D751 /* Assets.xcassets */; };
		52537A5D2AEFFADE0093D751 /* Preview Assets.xcassets in Resources */ = {isa = PBXBuildFile; fileRef = 52537A5C2AEFFADE0093D751 /* Preview Assets.xcassets */; };
		52537A642AF005100093D751 /* AtStateWithClasses.swift in Sources */ = {isa = PBXBuildFile; fileRef = 52537A632AF005100093D751 /* AtStateWithClasses.swift */; };
		52537A662AF014FA0093D751 /* sheetsExample.swift in Sources */ = {isa = PBXBuildFile; fileRef = 52537A652AF014FA0093D751 /* sheetsExample.swift */; };
		52537A682AF030D60093D751 /* onDeleteExample.swift in Sources */ = {isa = PBXBuildFile; fileRef = 52537A672AF030D60093D751 /* onDeleteExample.swift */; };
		52537A6A2AF03BF90093D751 /* UserPreferencesExample.swift in Sources */ = {isa = PBXBuildFile; fileRef = 52537A692AF03BF90093D751 /* UserPreferencesExample.swift */; };
		52537A6C2AF04CA30093D751 /* CodeableExample.swift in Sources */ = {isa = PBXBuildFile; fileRef = 52537A6B2AF04CA30093D751 /* CodeableExample.swift */; };
		52537A6E2AF068FC0093D751 /* AddExpenseView.swift in Sources */ = {isa = PBXBuildFile; fileRef = 52537A6D2AF068FC0093D751 /* AddExpenseView.swift */; };
		52537A772AF14FE90093D751 /* ExpenseReport.swift in Sources */ = {isa = PBXBuildFile; fileRef = 52537A762AF14FE90093D751 /* ExpenseReport.swift */; };
/* End PBXBuildFile section */

/* Begin PBXFileReference section */
		52537A522AEFFADD0093D751 /* iExpense.app */ = {isa = PBXFileReference; explicitFileType = wrapper.application; includeInIndex = 0; path = iExpense.app; sourceTree = BUILT_PRODUCTS_DIR; };
		52537A552AEFFADD0093D751 /* iExpenseApp.swift */ = {isa = PBXFileReference; lastKnownFileType = sourcecode.swift; path = iExpenseApp.swift; sourceTree = "<group>"; };
		52537A572AEFFADD0093D751 /* ContentView.swift */ = {isa = PBXFileReference; lastKnownFileType = sourcecode.swift; path = ContentView.swift; sourceTree = "<group>"; };
		52537A592AEFFADE0093D751 /* Assets.xcassets */ = {isa = PBXFileReference; lastKnownFileType = folder.assetcatalog; path = Assets.xcassets; sourceTree = "<group>"; };
		52537A5C2AEFFADE0093D751 /* Preview Assets.xcassets */ = {isa = PBXFileReference; lastKnownFileType = folder.assetcatalog; path = "Preview Assets.xcassets"; sourceTree = "<group>"; };
		52537A632AF005100093D751 /* AtStateWithClasses.swift */ = {isa = PBXFileReference; lastKnownFileType = sourcecode.swift; path = AtStateWithClasses.swift; sourceTree = "<group>"; };
		52537A652AF014FA0093D751 /* sheetsExample.swift */ = {isa = PBXFileReference; lastKnownFileType = sourcecode.swift; path = sheetsExample.swift; sourceTree = "<group>"; };
		52537A672AF030D60093D751 /* onDeleteExample.swift */ = {isa = PBXFileReference; lastKnownFileType = sourcecode.swift; path = onDeleteExample.swift; sourceTree = "<group>"; };
		52537A692AF03BF90093D751 /* UserPreferencesExample.swift */ = {isa = PBXFileReference; lastKnownFileType = sourcecode.swift; path = UserPreferencesExample.swift; sourceTree = "<group>"; };
		52537A6B2AF04CA30093D751 /* CodeableExample.swift */ = {isa = PBXFileReference; lastKnownFileType = sourcecode.swift; path = CodeableExample.swift; sourceTree = "<group>"; };
		52537A6D2AF068FC0093D751 /* AddExpenseView.swift */ = {isa = PBXFileReference; lastKnownFileType = sourcecode.swift; path = AddExpenseView.swift; sourceTree = "<group>"; };
		52537A762AF14FE90093D751 /* ExpenseReport.swift */ = {isa = PBXFileReference; lastKnownFileType = sourcecode.swift; path = ExpenseReport.swift; sourceTree = "<group>"; };
/* End PBXFileReference section */

/* Begin PBXFrameworksBuildPhase section */
		52537A4F2AEFFADD0093D751 /* Frameworks */ = {
			isa = PBXFrameworksBuildPhase;
			buildActionMask = 2147483647;
			files = (
			);
			runOnlyForDeploymentPostprocessing = 0;
		};
/* End PBXFrameworksBuildPhase section */

/* Begin PBXGroup section */
		52537A492AEFFADD0093D751 = {
			isa = PBXGroup;
			children = (
				52537A542AEFFADD0093D751 /* iExpense */,
				52537A532AEFFADD0093D751 /* Products */,
			);
			sourceTree = "<group>";
		};
		52537A532AEFFADD0093D751 /* Products */ = {
			isa = PBXGroup;
			children = (
				52537A522AEFFADD0093D751 /* iExpense.app */,
			);
			name = Products;
			sourceTree = "<group>";
		};
		52537A542AEFFADD0093D751 /* iExpense */ = {
			isa = PBXGroup;
			children = (
				52537A552AEFFADD0093D751 /* iExpenseApp.swift */,
				52537A572AEFFADD0093D751 /* ContentView.swift */,
				52537A6D2AF068FC0093D751 /* AddExpenseView.swift */,
				52537A762AF14FE90093D751 /* ExpenseReport.swift */,
				52537A592AEFFADE0093D751 /* Assets.xcassets */,
				52537A6F2AF069070093D751 /* TutorialFiles */,
				52537A5B2AEFFADE0093D751 /* Preview Content */,
			);
			path = iExpense;
			sourceTree = "<group>";
		};
		52537A5B2AEFFADE0093D751 /* Preview Content */ = {
			isa = PBXGroup;
			children = (
				52537A5C2AEFFADE0093D751 /* Preview Assets.xcassets */,
			);
			path = "Preview Content";
			sourceTree = "<group>";
		};
		52537A6F2AF069070093D751 /* TutorialFiles */ = {
			isa = PBXGroup;
			children = (
				52537A632AF005100093D751 /* AtStateWithClasses.swift */,
				52537A652AF014FA0093D751 /* sheetsExample.swift */,
				52537A672AF030D60093D751 /* onDeleteExample.swift */,
				52537A692AF03BF90093D751 /* UserPreferencesExample.swift */,
				52537A6B2AF04CA30093D751 /* CodeableExample.swift */,
			);
			path = TutorialFiles;
			sourceTree = "<group>";
		};
/* End PBXGroup section */

/* Begin PBXNativeTarget section */
		52537A512AEFFADD0093D751 /* iExpense */ = {
			isa = PBXNativeTarget;
			buildConfigurationList = 52537A602AEFFADE0093D751 /* Build configuration list for PBXNativeTarget "iExpense" */;
			buildPhases = (
				52537A4E2AEFFADD0093D751 /* Sources */,
				52537A4F2AEFFADD0093D751 /* Frameworks */,
				52537A502AEFFADD0093D751 /* Resources */,
			);
			buildRules = (
			);
			dependencies = (
			);
			name = iExpense;
			productName = iExpense;
			productReference = 52537A522AEFFADD0093D751 /* iExpense.app */;
			productType = "com.apple.product-type.application";
		};
/* End PBXNativeTarget section */

/* Begin PBXProject section */
		52537A4A2AEFFADD0093D751 /* Project object */ = {
			isa = PBXProject;
			attributes = {
				BuildIndependentTargetsInParallel = 1;
				LastSwiftUpdateCheck = 1500;
				LastUpgradeCheck = 1500;
				TargetAttributes = {
					52537A512AEFFADD0093D751 = {
						CreatedOnToolsVersion = 15.0.1;
					};
				};
			};
			buildConfigurationList = 52537A4D2AEFFADD0093D751 /* Build configuration list for PBXProject "iExpense" */;
			compatibilityVersion = "Xcode 14.0";
			developmentRegion = en;
			hasScannedForEncodings = 0;
			knownRegions = (
				en,
				Base,
			);
			mainGroup = 52537A492AEFFADD0093D751;
			productRefGroup = 52537A532AEFFADD0093D751 /* Products */;
			projectDirPath = "";
			projectRoot = "";
			targets = (
				52537A512AEFFADD0093D751 /* iExpense */,
			);
		};
/* End PBXProject section */

/* Begin PBXResourcesBuildPhase section */
		52537A502AEFFADD0093D751 /* Resources */ = {
			isa = PBXResourcesBuildPhase;
			buildActionMask = 2147483647;
			files = (
				52537A5D2AEFFADE0093D751 /* Preview Assets.xcassets in Resources */,
				52537A5A2AEFFADE0093D751 /* Assets.xcassets in Resources */,
			);
			runOnlyForDeploymentPostprocessing = 0;
		};
/* End PBXResourcesBuildPhase section */

/* Begin PBXSourcesBuildPhase section */
		52537A4E2AEFFADD0093D751 /* Sources */ = {
			isa = PBXSourcesBuildPhase;
			buildActionMask = 2147483647;
			files = (
				52537A772AF14FE90093D751 /* ExpenseReport.swift in Sources */,
				52537A6A2AF03BF90093D751 /* UserPreferencesExample.swift in Sources */,
				52537A642AF005100093D751 /* AtStateWithClasses.swift in Sources */,
				52537A582AEFFADD0093D751 /* ContentView.swift in Sources */,
				52537A6E2AF068FC0093D751 /* AddExpenseView.swift in Sources */,
				52537A6C2AF04CA30093D751 /* CodeableExample.swift in Sources */,
				52537A662AF014FA0093D751 /* sheetsExample.swift in Sources */,
				52537A562AEFFADD0093D751 /* iExpenseApp.swift in Sources */,
				52537A682AF030D60093D751 /* onDeleteExample.swift in Sources */,
			);
			runOnlyForDeploymentPostprocessing = 0;
		};
/* End PBXSourcesBuildPhase section */

/* Begin XCBuildConfiguration section */
		52537A5E2AEFFADE0093D751 /* Debug */ = {
			isa = XCBuildConfiguration;
			buildSettings = {
				ALWAYS_SEARCH_USER_PATHS = NO;
				ASSETCATALOG_COMPILER_GENERATE_SWIFT_ASSET_SYMBOL_EXTENSIONS = YES;
				CLANG_ANALYZER_NONNULL = YES;
				CLANG_ANALYZER_NUMBER_OBJECT_CONVERSION = YES_AGGRESSIVE;
				CLANG_CXX_LANGUAGE_STANDARD = "gnu++20";
				CLANG_ENABLE_MODULES = YES;
				CLANG_ENABLE_OBJC_ARC = YES;
				CLANG_ENABLE_OBJC_WEAK = YES;
				CLANG_WARN_BLOCK_CAPTURE_AUTORELEASING = YES;
				CLANG_WARN_BOOL_CONVERSION = YES;
				CLANG_WARN_COMMA = YES;
				CLANG_WARN_CONSTANT_CONVERSION = YES;
				CLANG_WARN_DEPRECATED_OBJC_IMPLEMENTATIONS = YES;
				CLANG_WARN_DIRECT_OBJC_ISA_USAGE = YES_ERROR;
				CLANG_WARN_DOCUMENTATION_COMMENTS = YES;
				CLANG_WARN_EMPTY_BODY = YES;
				CLANG_WARN_ENUM_CONVERSION = YES;
				CLANG_WARN_INFINITE_RECURSION = YES;
				CLANG_WARN_INT_CONVERSION = YES;
				CLANG_WARN_NON_LITERAL_NULL_CONVERSION = YES;
				CLANG_WARN_OBJC_IMPLICIT_RETAIN_SELF = YES;
				CLANG_WARN_OBJC_LITERAL_CONVERSION = YES;
				CLANG_WARN_OBJC_ROOT_CLASS = YES_ERROR;
				CLANG_WARN_QUOTED_INCLUDE_IN_FRAMEWORK_HEADER = YES;
				CLANG_WARN_RANGE_LOOP_ANALYSIS = YES;
				CLANG_WARN_STRICT_PROTOTYPES = YES;
				CLANG_WARN_SUSPICIOUS_MOVE = YES;
				CLANG_WARN_UNGUARDED_AVAILABILITY = YES_AGGRESSIVE;
				CLANG_WARN_UNREACHABLE_CODE = YES;
				CLANG_WARN__DUPLICATE_METHOD_MATCH = YES;
				COPY_PHASE_STRIP = NO;
				DEBUG_INFORMATION_FORMAT = dwarf;
				ENABLE_STRICT_OBJC_MSGSEND = YES;
				ENABLE_TESTABILITY = YES;
				ENABLE_USER_SCRIPT_SANDBOXING = YES;
				GCC_C_LANGUAGE_STANDARD = gnu17;
				GCC_DYNAMIC_NO_PIC = NO;
				GCC_NO_COMMON_BLOCKS = YES;
				GCC_OPTIMIZATION_LEVEL = 0;
				GCC_PREPROCESSOR_DEFINITIONS = (
					"DEBUG=1",
					"$(inherited)",
				);
				GCC_WARN_64_TO_32_BIT_CONVERSION = YES;
				GCC_WARN_ABOUT_RETURN_TYPE = YES_ERROR;
				GCC_WARN_UNDECLARED_SELECTOR = YES;
				GCC_WARN_UNINITIALIZED_AUTOS = YES_AGGRESSIVE;
				GCC_WARN_UNUSED_FUNCTION = YES;
				GCC_WARN_UNUSED_VARIABLE = YES;
				IPHONEOS_DEPLOYMENT_TARGET = 17.0;
				LOCALIZATION_PREFERS_STRING_CATALOGS = YES;
				MTL_ENABLE_DEBUG_INFO = INCLUDE_SOURCE;
				MTL_FAST_MATH = YES;
				ONLY_ACTIVE_ARCH = YES;
				SDKROOT = iphoneos;
				SWIFT_ACTIVE_COMPILATION_CONDITIONS = "DEBUG $(inherited)";
				SWIFT_OPTIMIZATION_LEVEL = "-Onone";
			};
			name = Debug;
		};
		52537A5F2AEFFADE0093D751 /* Release */ = {
			isa = XCBuildConfiguration;
			buildSettings = {
				ALWAYS_SEARCH_USER_PATHS = NO;
				ASSETCATALOG_COMPILER_GENERATE_SWIFT_ASSET_SYMBOL_EXTENSIONS = YES;
				CLANG_ANALYZER_NONNULL = YES;
				CLANG_ANALYZER_NUMBER_OBJECT_CONVERSION = YES_AGGRESSIVE;
				CLANG_CXX_LANGUAGE_STANDARD = "gnu++20";
				CLANG_ENABLE_MODULES = YES;
				CLANG_ENABLE_OBJC_ARC = YES;
				CLANG_ENABLE_OBJC_WEAK = YES;
				CLANG_WARN_BLOCK_CAPTURE_AUTORELEASING = YES;
				CLANG_WARN_BOOL_CONVERSION = YES;
				CLANG_WARN_COMMA = YES;
				CLANG_WARN_CONSTANT_CONVERSION = YES;
				CLANG_WARN_DEPRECATED_OBJC_IMPLEMENTATIONS = YES;
				CLANG_WARN_DIRECT_OBJC_ISA_USAGE = YES_ERROR;
				CLANG_WARN_DOCUMENTATION_COMMENTS = YES;
				CLANG_WARN_EMPTY_BODY = YES;
				CLANG_WARN_ENUM_CONVERSION = YES;
				CLANG_WARN_INFINITE_RECURSION = YES;
				CLANG_WARN_INT_CONVERSION = YES;
				CLANG_WARN_NON_LITERAL_NULL_CONVERSION = YES;
				CLANG_WARN_OBJC_IMPLICIT_RETAIN_SELF = YES;
				CLANG_WARN_OBJC_LITERAL_CONVERSION = YES;
				CLANG_WARN_OBJC_ROOT_CLASS = YES_ERROR;
				CLANG_WARN_QUOTED_INCLUDE_IN_FRAMEWORK_HEADER = YES;
				CLANG_WARN_RANGE_LOOP_ANALYSIS = YES;
				CLANG_WARN_STRICT_PROTOTYPES = YES;
				CLANG_WARN_SUSPICIOUS_MOVE = YES;
				CLANG_WARN_UNGUARDED_AVAILABILITY = YES_AGGRESSIVE;
				CLANG_WARN_UNREACHABLE_CODE = YES;
				CLANG_WARN__DUPLICATE_METHOD_MATCH = YES;
				COPY_PHASE_STRIP = NO;
				DEBUG_INFORMATION_FORMAT = "dwarf-with-dsym";
				ENABLE_NS_ASSERTIONS = NO;
				ENABLE_STRICT_OBJC_MSGSEND = YES;
				ENABLE_USER_SCRIPT_SANDBOXING = YES;
				GCC_C_LANGUAGE_STANDARD = gnu17;
				GCC_NO_COMMON_BLOCKS = YES;
				GCC_WARN_64_TO_32_BIT_CONVERSION = YES;
				GCC_WARN_ABOUT_RETURN_TYPE = YES_ERROR;
				GCC_WARN_UNDECLARED_SELECTOR = YES;
				GCC_WARN_UNINITIALIZED_AUTOS = YES_AGGRESSIVE;
				GCC_WARN_UNUSED_FUNCTION = YES;
				GCC_WARN_UNUSED_VARIABLE = YES;
				IPHONEOS_DEPLOYMENT_TARGET = 17.0;
				LOCALIZATION_PREFERS_STRING_CATALOGS = YES;
				MTL_ENABLE_DEBUG_INFO = NO;
				MTL_FAST_MATH = YES;
				SDKROOT = iphoneos;
				SWIFT_COMPILATION_MODE = wholemodule;
				VALIDATE_PRODUCT = YES;
			};
			name = Release;
		};
		52537A612AEFFADE0093D751 /* Debug */ = {
			isa = XCBuildConfiguration;
			buildSettings = {
				ASSETCATALOG_COMPILER_APPICON_NAME = AppIcon;
				ASSETCATALOG_COMPILER_GLOBAL_ACCENT_COLOR_NAME = AccentColor;
				CODE_SIGN_STYLE = Automatic;
				CURRENT_PROJECT_VERSION = 1;
				DEVELOPMENT_ASSET_PATHS = "\"iExpense/Preview Content\"";
				DEVELOPMENT_TEAM = 5G39MTZYS5;
				ENABLE_PREVIEWS = YES;
				GENERATE_INFOPLIST_FILE = YES;
				INFOPLIST_KEY_UIApplicationSceneManifest_Generation = YES;
				INFOPLIST_KEY_UIApplicationSupportsIndirectInputEvents = YES;
				INFOPLIST_KEY_UILaunchScreen_Generation = YES;
				INFOPLIST_KEY_UISupportedInterfaceOrientations_iPad = "UIInterfaceOrientationPortrait UIInterfaceOrientationPortraitUpsideDown UIInterfaceOrientationLandscapeLeft UIInterfaceOrientationLandscapeRight";
				INFOPLIST_KEY_UISupportedInterfaceOrientations_iPhone = "UIInterfaceOrientationPortrait UIInterfaceOrientationLandscapeLeft UIInterfaceOrientationLandscapeRight";
				LD_RUNPATH_SEARCH_PATHS = (
					"$(inherited)",
					"@executable_path/Frameworks",
				);
				MARKETING_VERSION = 1.0;
				PRODUCT_BUNDLE_IDENTIFIER = com.personal.iExpense;
				PRODUCT_NAME = "$(TARGET_NAME)";
				SWIFT_EMIT_LOC_STRINGS = YES;
				SWIFT_VERSION = 5.0;
				TARGETED_DEVICE_FAMILY = "1,2";
			};
			name = Debug;
		};
		52537A622AEFFADE0093D751 /* Release */ = {
			isa = XCBuildConfiguration;
			buildSettings = {
				ASSETCATALOG_COMPILER_APPICON_NAME = AppIcon;
				ASSETCATALOG_COMPILER_GLOBAL_ACCENT_COLOR_NAME = AccentColor;
				CODE_SIGN_STYLE = Automatic;
				CURRENT_PROJECT_VERSION = 1;
				DEVELOPMENT_ASSET_PATHS = "\"iExpense/Preview Content\"";
				DEVELOPMENT_TEAM = 5G39MTZYS5;
				ENABLE_PREVIEWS = YES;
				GENERATE_INFOPLIST_FILE = YES;
				INFOPLIST_KEY_UIApplicationSceneManifest_Generation = YES;
				INFOPLIST_KEY_UIApplicationSupportsIndirectInputEvents = YES;
				INFOPLIST_KEY_UILaunchScreen_Generation = YES;
				INFOPLIST_KEY_UISupportedInterfaceOrientations_iPad = "UIInterfaceOrientationPortrait UIInterfaceOrientationPortraitUpsideDown UIInterfaceOrientationLandscapeLeft UIInterfaceOrientationLandscapeRight";
				INFOPLIST_KEY_UISupportedInterfaceOrientations_iPhone = "UIInterfaceOrientationPortrait UIInterfaceOrientationLandscapeLeft UIInterfaceOrientationLandscapeRight";
				LD_RUNPATH_SEARCH_PATHS = (
					"$(inherited)",
					"@executable_path/Frameworks",
				);
				MARKETING_VERSION = 1.0;
				PRODUCT_BUNDLE_IDENTIFIER = com.personal.iExpense;
				PRODUCT_NAME = "$(TARGET_NAME)";
				SWIFT_EMIT_LOC_STRINGS = YES;
				SWIFT_VERSION = 5.0;
				TARGETED_DEVICE_FAMILY = "1,2";
			};
			name = Release;
		};
/* End XCBuildConfiguration section */

/* Begin XCConfigurationList section */
		52537A4D2AEFFADD0093D751 /* Build configuration list for PBXProject "iExpense" */ = {
			isa = XCConfigurationList;
			buildConfigurations = (
				52537A5E2AEFFADE0093D751 /* Debug */,
				52537A5F2AEFFADE0093D751 /* Release */,
			);
			defaultConfigurationIsVisible = 0;
			defaultConfigurationName = Release;
		};
		52537A602AEFFADE0093D751 /* Build configuration list for PBXNativeTarget "iExpense" */ = {
			isa = XCConfigurationList;
			buildConfigurations = (
				52537A612AEFFADE0093D751 /* Debug */,
				52537A622AEFFADE0093D751 /* Release */,
			);
			defaultConfigurationIsVisible = 0;
			defaultConfigurationName = Release;
		};
/* End XCConfigurationList section */
	};
	rootObject = 52537A4A2AEFFADD0093D751 /* Project object */;
}
